Microsoft Visual Studio Solution File, Format Version 12.00
# Visual Studio Version 17
VisualStudioVersion = 17.10.34928.147
MinimumVisualStudioVersion = 10.0.40219.1
Project("{9A19103F-16F7-4668-BE54-9A1E7A4F7556}") = "DAL", "DAL\DAL.csproj", "{3FA4FE81-1AA1-49FA-8EC0-818C14B590C4}"
EndProject
Project("{9A19103F-16F7-4668-BE54-9A1E7A4F7556}") = "Entities", "Entities\Entities.csproj", "{D561BB6B-2E5B-4ECE-A15B-48239C3028F2}"
EndProject
Project("{9A19103F-16F7-4668-BE54-9A1E7A4F7556}") = "ConsoleAppTestDAL", "ConsoleAppTestDAL\ConsoleAppTestDAL.csproj", "{352D6440-AE42-4550-90ED-638348E86A9D}"
EndProject
Project("{FAE04EC0-301F-11D3-BF4B-00C04F79EFBC}") = "BLL", "BLL\BLL.csproj", "{50C3B749-84B4-4971-83A0-12A809F3406B}"
EndProject
Global
	GlobalSection(SolutionConfigurationPlatforms) = preSolution
		Debug|Any CPU = Debug|Any CPU
		Release|Any CPU = Release|Any CPU
	EndGlobalSection
	GlobalSection(ProjectConfigurationPlatforms) = postSolution
		{3FA4FE81-1AA1-49FA-8EC0-818C14B590C4}.Debug|Any CPU.ActiveCfg = Debug|Any CPU
		{3FA4FE81-1AA1-49FA-8EC0-818C14B590C4}.Debug|Any CPU.Build.0 = Debug|Any CPU
		{3FA4FE81-1AA1-49FA-8EC0-818C14B590C4}.Release|Any CPU.ActiveCfg = Release|Any CPU
		{3FA4FE81-1AA1-49FA-8EC0-818C14B590C4}.Release|Any CPU.Build.0 = Release|Any CPU
		{D561BB6B-2E5B-4ECE-A15B-48239C3028F2}.Debug|Any CPU.ActiveCfg = Debug|Any CPU
		{D561BB6B-2E5B-4ECE-A15B-48239C3028F2}.Debug|Any CPU.Build.0 = Debug|Any CPU
		{D561BB6B-2E5B-4ECE-A15B-48239C3028F2}.Release|Any CPU.ActiveCfg = Release|Any CPU
		{D561BB6B-2E5B-4ECE-A15B-48239C3028F2}.Release|Any CPU.Build.0 = Release|Any CPU
		{352D6440-AE42-4550-90ED-638348E86A9D}.Debug|Any CPU.ActiveCfg = Debug|Any CPU
		{352D6440-AE42-4550-90ED-638348E86A9D}.Debug|Any CPU.Build.0 = Debug|Any CPU
		{352D6440-AE42-4550-90ED-638348E86A9D}.Release|Any CPU.ActiveCfg = Release|Any CPU
		{352D6440-AE42-4550-90ED-638348E86A9D}.Release|Any CPU.Build.0 = Release|Any CPU
		{50C3B749-84B4-4971-83A0-12A809F3406B}.Debug|Any CPU.ActiveCfg = Debug|Any CPU
		{50C3B749-84B4-4971-83A0-12A809F3406B}.Debug|Any CPU.Build.0 = Debug|Any CPU
		{50C3B749-84B4-4971-83A0-12A809F3406B}.Release|Any CPU.ActiveCfg = Release|Any CPU
		{50C3B749-84B4-4971-83A0-12A809F3406B}.Release|Any CPU.Build.0 = Release|Any CPU
	EndGlobalSection
	GlobalSection(SolutionProperties) = preSolution
		HideSolutionNode = FALSE
	EndGlobalSection
	GlobalSection(ExtensibilityGlobals) = postSolution
		SolutionGuid = {FE2B6997-9A29-485A-9961-8ED116784D98}
	EndGlobalSection
EndGlobal
